
Microsoft Visual Studio Solution File, Format Version 12.00
# Visual Studio Version 17
VisualStudioVersion = 17.6.33815.320
MinimumVisualStudioVersion = 10.0.40219.1
Project("{FAE04EC0-301F-11D3-BF4B-00C04F79EFBC}") = "GithubTest", "GithubTest\GithubTest.csproj", "{4712A7C2-2B51-4666-B905-B8AAAC52C759}"
EndProject
Global
	GlobalSection(SolutionConfigurationPlatforms) = preSolution
		Debug|Any CPU = Debug|Any CPU
		Release|Any CPU = Release|Any CPU
	EndGlobalSection
	GlobalSection(ProjectConfigurationPlatforms) = postSolution
		{4712A7C2-2B51-4666-B905-B8AAAC52C759}.Debug|Any CPU.ActiveCfg = Debug|Any CPU
		{4712A7C2-2B51-4666-B905-B8AAAC52C759}.Debug|Any CPU.Build.0 = Debug|Any CPU
		{4712A7C2-2B51-4666-B905-B8AAAC52C759}.Release|Any CPU.ActiveCfg = Release|Any CPU
		{4712A7C2-2B51-4666-B905-B8AAAC52C759}.Release|Any CPU.Build.0 = Release|Any CPU
	EndGlobalSection
	GlobalSection(SolutionProperties) = preSolution
		HideSolutionNode = FALSE
	EndGlobalSection
	GlobalSection(ExtensibilityGlobals) = postSolution
		SolutionGuid = {3ED18656-7931-41C6-9016-E7D5DB60165A}
	EndGlobalSection
EndGlobal
